
Microsoft Visual Studio Solution File, Format Version 12.00
# Visual Studio 15
VisualStudioVersion = 15.0.26730.12
MinimumVisualStudioVersion = 10.0.40219.1
Project("{FAE04EC0-301F-11D3-BF4B-00C04F79EFBC}") = "PlaylistMaker", "PlaylistMaker\PlaylistMaker.csproj", "{4BCEDFB4-2C5F-4F03-ACB8-083623F8DEAF}"
EndProject
Global
	GlobalSection(SolutionConfigurationPlatforms) = preSolution
		Debug|Any CPU = Debug|Any CPU
		Release|Any CPU = Release|Any CPU
	EndGlobalSection
	GlobalSection(ProjectConfigurationPlatforms) = postSolution
		{4BCEDFB4-2C5F-4F03-ACB8-083623F8DEAF}.Debug|Any CPU.ActiveCfg = Debug|Any CPU
		{4BCEDFB4-2C5F-4F03-ACB8-083623F8DEAF}.Debug|Any CPU.Build.0 = Debug|Any CPU
		{4BCEDFB4-2C5F-4F03-ACB8-083623F8DEAF}.Release|Any CPU.ActiveCfg = Release|Any CPU
		{4BCEDFB4-2C5F-4F03-ACB8-083623F8DEAF}.Release|Any CPU.Build.0 = Release|Any CPU
	EndGlobalSection
	GlobalSection(SolutionProperties) = preSolution
		HideSolutionNode = FALSE
	EndGlobalSection
	GlobalSection(ExtensibilityGlobals) = postSolution
		SolutionGuid = {A61FCA1F-84A0-4BE2-81C1-90D579A77D24}
	EndGlobalSection
EndGlobal
